
Microsoft Visual Studio Solution File, Format Version 12.00
# Visual Studio 15
VisualStudioVersion = 15.0.26430.6
MinimumVisualStudioVersion = 10.0.40219.1
Project("{FAE04EC0-301F-11D3-BF4B-00C04F79EFBC}") = "UIntToolsCmd", "UIntToolsCmd\UIntToolsCmd.csproj", "{DA2AC29F-BDDE-4B75-AB3E-6AF085BAAE5F}"
EndProject
Project("{FAE04EC0-301F-11D3-BF4B-00C04F79EFBC}") = "UIntToolsService", "UIntToolsService\UIntToolsService.csproj", "{1B1C8A69-930B-4F2B-8543-DD2107EAACDF}"
EndProject
Project("{FAE04EC0-301F-11D3-BF4B-00C04F79EFBC}") = "UIntToolsServiceTest", "UIntToolsServiceTest\UIntToolsServiceTest.csproj", "{C63FEB86-AEDB-42F4-A5DF-F103345D317C}"
EndProject
Global
	GlobalSection(SolutionConfigurationPlatforms) = preSolution
		Debug|Any CPU = Debug|Any CPU
		Release|Any CPU = Release|Any CPU
	EndGlobalSection
	GlobalSection(ProjectConfigurationPlatforms) = postSolution
		{DA2AC29F-BDDE-4B75-AB3E-6AF085BAAE5F}.Debug|Any CPU.ActiveCfg = Debug|Any CPU
		{DA2AC29F-BDDE-4B75-AB3E-6AF085BAAE5F}.Debug|Any CPU.Build.0 = Debug|Any CPU
		{DA2AC29F-BDDE-4B75-AB3E-6AF085BAAE5F}.Release|Any CPU.ActiveCfg = Release|Any CPU
		{DA2AC29F-BDDE-4B75-AB3E-6AF085BAAE5F}.Release|Any CPU.Build.0 = Release|Any CPU
		{1B1C8A69-930B-4F2B-8543-DD2107EAACDF}.Debug|Any CPU.ActiveCfg = Debug|Any CPU
		{1B1C8A69-930B-4F2B-8543-DD2107EAACDF}.Debug|Any CPU.Build.0 = Debug|Any CPU
		{1B1C8A69-930B-4F2B-8543-DD2107EAACDF}.Release|Any CPU.ActiveCfg = Release|Any CPU
		{1B1C8A69-930B-4F2B-8543-DD2107EAACDF}.Release|Any CPU.Build.0 = Release|Any CPU
		{C63FEB86-AEDB-42F4-A5DF-F103345D317C}.Debug|Any CPU.ActiveCfg = Debug|Any CPU
		{C63FEB86-AEDB-42F4-A5DF-F103345D317C}.Debug|Any CPU.Build.0 = Debug|Any CPU
		{C63FEB86-AEDB-42F4-A5DF-F103345D317C}.Release|Any CPU.ActiveCfg = Release|Any CPU
		{C63FEB86-AEDB-42F4-A5DF-F103345D317C}.Release|Any CPU.Build.0 = Release|Any CPU
	EndGlobalSection
	GlobalSection(SolutionProperties) = preSolution
		HideSolutionNode = FALSE
	EndGlobalSection
EndGlobal
